
Microsoft Visual Studio Solution File, Format Version 12.00
# Visual Studio 15
VisualStudioVersion = 15.0.27703.2035
MinimumVisualStudioVersion = 10.0.40219.1
Project("{FAE04EC0-301F-11D3-BF4B-00C04F79EFBC}") = "FoodnStuff.WebMVC", "FoodnStuff.WebMVC\FoodnStuff.WebMVC.csproj", "{249D81A4-CE37-4A9E-A7E6-DDE17C346B25}"
EndProject
Global
	GlobalSection(SolutionConfigurationPlatforms) = preSolution
		Debug|Any CPU = Debug|Any CPU
		Release|Any CPU = Release|Any CPU
	EndGlobalSection
	GlobalSection(ProjectConfigurationPlatforms) = postSolution
		{249D81A4-CE37-4A9E-A7E6-DDE17C346B25}.Debug|Any CPU.ActiveCfg = Debug|Any CPU
		{249D81A4-CE37-4A9E-A7E6-DDE17C346B25}.Debug|Any CPU.Build.0 = Debug|Any CPU
		{249D81A4-CE37-4A9E-A7E6-DDE17C346B25}.Release|Any CPU.ActiveCfg = Release|Any CPU
		{249D81A4-CE37-4A9E-A7E6-DDE17C346B25}.Release|Any CPU.Build.0 = Release|Any CPU
	EndGlobalSection
	GlobalSection(SolutionProperties) = preSolution
		HideSolutionNode = FALSE
	EndGlobalSection
	GlobalSection(ExtensibilityGlobals) = postSolution
		SolutionGuid = {7BD28E89-8834-433E-A13B-7B092DFAFD9C}
	EndGlobalSection
EndGlobal
